{
  "version": "5",
  "specifiers": {
    "jsr:@db/sqlite@*": "0.13.0",
    "jsr:@db/sqlite@0.13": "0.13.0",
    "jsr:@denosaurs/plug@1": "1.1.0",
    "jsr:@std/assert@^1.0.19": "1.0.19",
    "jsr:@std/encoding@1": "1.0.10",
    "jsr:@std/encoding@^1.0.10": "1.0.10",
    "jsr:@std/fmt@1": "1.0.10",
    "jsr:@std/fs@1": "1.0.23",
    "jsr:@std/internal@^1.0.12": "1.0.13",
    "jsr:@std/path@1": "1.1.4",
    "jsr:@std/path@1.0": "1.0.9",
    "jsr:@std/path@^1.1.4": "1.1.4",
    "jsr:@std/semver@^1.0.8": "1.0.8",
    "jsr:@std/streams@^1.0.17": "1.1.0",
    "jsr:@std/tar@~0.1.10": "0.1.10",
    "jsr:@valibot/valibot@^1.3.1": "1.3.1",
    "npm:citty@0.2.2": "0.2.2",
    "npm:h3@2.0.1-rc.21": "2.0.1-rc.21",
    "npm:srvx@0.11.15": "0.11.15"
  },
  "jsr": {
    "@db/sqlite@0.13.0": {
      "integrity": "4545c635e0b3d4ddfdc0f2240f932f24b8ad0178e9c2e3a0f9403e7b18ae2fb5",
      "dependencies": [
        "jsr:@denosaurs/plug",
        "jsr:@std/path@1.0"
      ]
    },
    "@denosaurs/plug@1.1.0": {
      "integrity": "eb2f0b7546c7bca2000d8b0282c54d50d91cf6d75cb26a80df25a6de8c4bc044",
      "dependencies": [
        "jsr:@std/encoding@1",
        "jsr:@std/fmt",
        "jsr:@std/fs",
        "jsr:@std/path@1"
      ]
    },
    "@std/assert@1.0.19": {
      "integrity": "eaada96ee120cb980bc47e040f82814d786fe8162ecc53c91d8df60b8755991e",
      "dependencies": [
        "jsr:@std/internal"
      ]
    },
    "@std/encoding@1.0.10": {
      "integrity": "8783c6384a2d13abd5e9e87a7ae0520a30e9f56aeeaa3bdf910a3eaaf5c811a1"
    },
    "@std/fmt@1.0.10": {
      "integrity": "90dfba288802ac6de82fb31d0917eb9e4450b9925b954d5e51fc29ac07419db5"
    },
    "@std/fs@1.0.23": {
      "integrity": "3ecbae4ce4fee03b180fa710caff36bb5adb66631c46a6460aaad49515565a37",
      "dependencies": [
        "jsr:@std/internal",
        "jsr:@std/path@^1.1.4"
      ]
    },
    "@std/internal@1.0.13": {
      "integrity": "2f9546691d4ac2d32859c82dff284aaeac980ddeca38430d07941e7e288725c0"
    },
    "@std/path@1.0.9": {
      "integrity": "260a49f11edd3db93dd38350bf9cd1b4d1366afa98e81b86167b4e3dd750129e"
    },
    "@std/path@1.1.4": {
      "integrity": "1d2d43f39efb1b42f0b1882a25486647cb851481862dc7313390b2bb044314b5",
      "dependencies": [
        "jsr:@std/internal"
      ]
    },
    "@std/semver@1.0.8": {
      "integrity": "dc830e8b8b6a380c895d53fbfd1258dc253704ca57bbe1629ac65fd7830179b7"
    },
    "@std/streams@1.1.0": {
      "integrity": "2f7024d841f343fd478afe0c958a3f0f068ef2a0d2bcc954f550f97ac1fa22e3"
    },
    "@std/tar@0.1.10": {
      "integrity": "6bf907f3a4bc8bfef42973ba132d946756a6161ef6b914a9e1c06debe664db17",
      "dependencies": [
        "jsr:@std/streams"
      ]
    },
    "@valibot/valibot@1.3.1": {
      "integrity": "635faaec9d32a25efca7b4614e7a07306cc03937bfd0679e05530d31081bc501"
    }
  },
  "npm": {
    "citty@0.2.2": {
      "integrity": "sha512-+6vJA3L98yv+IdfKGZHBNiGW5KHn22e/JwID0Strsz8h4S/csAu/OuICwxrg44k5MRiZHWIo8XXuJgQTriRP4w=="
    },
    "h3@2.0.1-rc.21": {
      "integrity": "sha512-lDeqAgCQXWT7C+5Zs3ler2phZPeX5yTk9KqQuL8taSSngIhcPR0r83TZyYwTO/cLogm6a4+9slZcngrfdyZtrQ==",
      "dependencies": [
        "rou3",
        "srvx"
      ],
      "bin": true
    },
    "rou3@0.8.1": {
      "integrity": "sha512-ePa+XGk00/3HuCqrEnK3LxJW7I0SdNg6EFzKUJG73hMAdDcOUC/i/aSz7LSDwLrGr33kal/rqOGydzwl6U7zBA=="
    },
    "srvx@0.11.15": {
      "integrity": "sha512-iXsux0UcOjdvs0LCMa2Ws3WwcDUozA3JN3BquNXkaFPP7TpRqgunKdEgoZ/uwb1J6xaYHfxtz9Twlh6yzwM6Tg==",
      "bin": true
    }
  },
  "workspace": {
    "dependencies": [
      "jsr:@db/sqlite@0.13",
      "jsr:@std/assert@^1.0.19",
      "jsr:@std/encoding@^1.0.10",
      "jsr:@std/path@^1.1.4",
      "jsr:@std/semver@^1.0.8",
      "jsr:@std/tar@~0.1.10",
      "jsr:@valibot/valibot@^1.3.1",
      "npm:citty@0.2.2",
      "npm:h3@2.0.1-rc.21",
      "npm:srvx@0.11.15"
    ]
  }
}
